
Microsoft Visual Studio Solution File, Format Version 12.00
# Visual Studio Version 17
VisualStudioVersion = 17.0.31912.275
MinimumVisualStudioVersion = 10.0.40219.1
Project("{FAE04EC0-301F-11D3-BF4B-00C04F79EFBC}") = "AppointmentApplication", "AppointmentApplication\AppointmentApplication.csproj", "{FBA107E3-61D7-4660-B9F3-DADD39A71E6D}"
EndProject
Global
	GlobalSection(SolutionConfigurationPlatforms) = preSolution
		Debug|Any CPU = Debug|Any CPU
		Release|Any CPU = Release|Any CPU
	EndGlobalSection
	GlobalSection(ProjectConfigurationPlatforms) = postSolution
		{FBA107E3-61D7-4660-B9F3-DADD39A71E6D}.Debug|Any CPU.ActiveCfg = Debug|Any CPU
		{FBA107E3-61D7-4660-B9F3-DADD39A71E6D}.Debug|Any CPU.Build.0 = Debug|Any CPU
		{FBA107E3-61D7-4660-B9F3-DADD39A71E6D}.Release|Any CPU.ActiveCfg = Release|Any CPU
		{FBA107E3-61D7-4660-B9F3-DADD39A71E6D}.Release|Any CPU.Build.0 = Release|Any CPU
	EndGlobalSection
	GlobalSection(SolutionProperties) = preSolution
		HideSolutionNode = FALSE
	EndGlobalSection
	GlobalSection(ExtensibilityGlobals) = postSolution
		SolutionGuid = {99EAEDEE-5395-4748-9465-B754958C2E69}
	EndGlobalSection
EndGlobal
